<?xml version="1.0" encoding="utf-8"?>
<Project ToolsVersion="4.0" xmlns="http://schemas.microsoft.com/developer/msbuild/2003">
  <ItemGroup>
    <Filter Include="Исходные файлы">
      <UniqueIdentifier>{4FC737F1-C7A5-4376-A066-2A32D752A2FF}</UniqueIdentifier>
      <Extensions>cpp;c;cc;cxx;c++;cppm;ixx;def;odl;idl;hpj;bat;asm;asmx</Extensions>
    </Filter>
    <Filter Include="Файлы заголовков">
      <UniqueIdentifier>{93995380-89BD-4b04-88EB-625FBE52EBFB}</UniqueIdentifier>
      <Extensions>h;hh;hpp;hxx;h++;hm;inl;inc;ipp;xsd</Extensions>
    </Filter>
    <Filter Include="Файлы ресурсов">
      <UniqueIdentifier>{67DA6AB6-F800-4c08-8B7A-83BB121AAD01}</UniqueIdentifier>
      <Extensions>rc;ico;cur;bmp;dlg;rc2;rct;bin;rgs;gif;jpg;jpeg;jpe;resx;tiff;tif;png;wav;mfcribbon-ms</Extensions>
    </Filter>
    <Filter Include="kthook">
      <UniqueIdentifier>{7297cb29-66cc-44e9-b1d4-3f71802938d0}</UniqueIdentifier>
    </Filter>
    <Filter Include="imgui">
      <UniqueIdentifier>{549c2846-b45c-488d-bbe1-f38a8bf02ed0}</UniqueIdentifier>
    </Filter>
  </ItemGroup>
  <ItemGroup>
    <ClCompile Include="dllmain.cpp">
      <Filter>Исходные файлы</Filter>
    </ClCompile>
    <ClCompile Include="PebHider.cpp">
      <Filter>Исходные файлы</Filter>
    </ClCompile>
    <ClCompile Include="Registry.cpp">
      <Filter>Исходные файлы</Filter>
    </ClCompile>
    <ClCompile Include="imgui\imgui.cpp">
      <Filter>imgui</Filter>
    </ClCompile>
    <ClCompile Include="imgui\imgui_demo.cpp">
      <Filter>imgui</Filter>
    </ClCompile>
    <ClCompile Include="imgui\imgui_draw.cpp">
      <Filter>imgui</Filter>
    </ClCompile>
    <ClCompile Include="imgui\imgui_impl_dx9.cpp">
      <Filter>imgui</Filter>
    </ClCompile>
    <ClCompile Include="imgui\imgui_impl_win32.cpp">
      <Filter>imgui</Filter>
    </ClCompile>
    <ClCompile Include="imgui\imgui_tables.cpp">
      <Filter>imgui</Filter>
    </ClCompile>
    <ClCompile Include="imgui\imgui_widgets.cpp">
      <Filter>imgui</Filter>
    </ClCompile>
    <ClCompile Include="kthook\hde\hde32.c">
      <Filter>kthook</Filter>
    </ClCompile>
    <ClCompile Include="kthook\hde\hde64.c">
      <Filter>kthook</Filter>
    </ClCompile>
  </ItemGroup>
  <ItemGroup>
    <ClInclude Include="lazy_import.h">
      <Filter>Исходные файлы</Filter>
    </ClInclude>
    <ClInclude Include="MinHook.h">
      <Filter>Исходные файлы</Filter>
    </ClInclude>
    <ClInclude Include="PebHider.h">
      <Filter>Исходные файлы</Filter>
    </ClInclude>
    <ClInclude Include="Registry.h">
      <Filter>Исходные файлы</Filter>
    </ClInclude>
    <ClInclude Include="sigscan.h">
      <Filter>Исходные файлы</Filter>
    </ClInclude>
    <ClInclude Include="xorstr.h">
      <Filter>Исходные файлы</Filter>
    </ClInclude>
    <ClInclude Include="imgui\imconfig.h">
      <Filter>imgui</Filter>
    </ClInclude>
    <ClInclude Include="imgui\imgui.h">
      <Filter>imgui</Filter>
    </ClInclude>
    <ClInclude Include="imgui\imgui_impl_dx9.h">
      <Filter>imgui</Filter>
    </ClInclude>
    <ClInclude Include="imgui\imgui_impl_win32.h">
      <Filter>imgui</Filter>
    </ClInclude>
    <ClInclude Include="imgui\imgui_internal.h">
      <Filter>imgui</Filter>
    </ClInclude>
    <ClInclude Include="imgui\imstb_rectpack.h">
      <Filter>imgui</Filter>
    </ClInclude>
    <ClInclude Include="imgui\imstb_textedit.h">
      <Filter>imgui</Filter>
    </ClInclude>
    <ClInclude Include="imgui\imstb_truetype.h">
      <Filter>imgui</Filter>
    </ClInclude>
    <ClInclude Include="kthook\include\kthook\kthook.hpp">
      <Filter>kthook</Filter>
    </ClInclude>
    <ClInclude Include="kthook\include\kthook\x86\kthook_detail.hpp">
      <Filter>kthook</Filter>
    </ClInclude>
    <ClInclude Include="kthook\include\kthook\x86\kthook_impl.hpp">
      <Filter>kthook</Filter>
    </ClInclude>
    <ClInclude Include="kthook\include\kthook\x86_64\kthook_x86_64_detail.hpp">
      <Filter>kthook</Filter>
    </ClInclude>
    <ClInclude Include="kthook\ktsignal\include\ktsignal\ktsignal.hpp">
      <Filter>kthook</Filter>
    </ClInclude>
    <ClInclude Include="kthook\hde\hde32.h">
      <Filter>kthook</Filter>
    </ClInclude>
    <ClInclude Include="kthook\hde\hde64.h">
      <Filter>kthook</Filter>
    </ClInclude>
    <ClInclude Include="kthook\hde\table32.h">
      <Filter>kthook</Filter>
    </ClInclude>
    <ClInclude Include="kthook\hde\table64.h">
      <Filter>kthook</Filter>
    </ClInclude>
    <ClInclude Include="PluginUtils.h">
      <Filter>Файлы заголовков</Filter>
    </ClInclude>
    <ClInclude Include="resource.h">
      <Filter>Файлы заголовков</Filter>
    </ClInclude>
    <ClInclude Include="DrawMenu.h">
      <Filter>Файлы заголовков</Filter>
    </ClInclude>
    <ClInclude Include="GameHooks.h">
      <Filter>Файлы заголовков</Filter>
    </ClInclude>
    <ClInclude Include="InstallGameHooks.h">
      <Filter>Файлы заголовков</Filter>
    </ClInclude>
  </ItemGroup>
  <ItemGroup>
    <ResourceCompile Include="U-Mod.rc">
      <Filter>Файлы ресурсов</Filter>
    </ResourceCompile>
  </ItemGroup>
  <ItemGroup>
    <Image Include="texture.jpg">
      <Filter>Файлы ресурсов</Filter>
    </Image>
  </ItemGroup>
  <ItemGroup>
    <Font Include="Shrift.otf" />
  </ItemGroup>
</Project>